
Microsoft Visual Studio Solution File, Format Version 12.00
# Visual Studio Version 17
VisualStudioVersion = 17.9.34723.18
MinimumVisualStudioVersion = 10.0.40219.1
Project("{FAE04EC0-301F-11D3-BF4B-00C04F79EFBC}") = "Client", "Client\Client.csproj", "{435AEACE-AB9E-4E88-8A5A-DA3882E105FF}"
EndProject
Global
	GlobalSection(SolutionConfigurationPlatforms) = preSolution
		Debug|Any CPU = Debug|Any CPU
		Release|Any CPU = Release|Any CPU
	EndGlobalSection
	GlobalSection(ProjectConfigurationPlatforms) = postSolution
		{435AEACE-AB9E-4E88-8A5A-DA3882E105FF}.Debug|Any CPU.ActiveCfg = Debug|Any CPU
		{435AEACE-AB9E-4E88-8A5A-DA3882E105FF}.Debug|Any CPU.Build.0 = Debug|Any CPU
		{435AEACE-AB9E-4E88-8A5A-DA3882E105FF}.Release|Any CPU.ActiveCfg = Release|Any CPU
		{435AEACE-AB9E-4E88-8A5A-DA3882E105FF}.Release|Any CPU.Build.0 = Release|Any CPU
	EndGlobalSection
	GlobalSection(SolutionProperties) = preSolution
		HideSolutionNode = FALSE
	EndGlobalSection
	GlobalSection(ExtensibilityGlobals) = postSolution
		SolutionGuid = {FF9601A8-40E7-4051-B931-4DA5AA9074CA}
	EndGlobalSection
EndGlobal
